{
  "name": "prut",
  "version": "0.0.1",
  "lockfileVersion": 1,
  "requires": true,
  "dependencies": {
    "@types/mocha": {
      "version": "2.2.43",
      "resolved": "https://registry.npmjs.org/@types/mocha/-/mocha-2.2.43.tgz",
      "integrity": "sha512-xNlAmH+lRJdUMXClMTI9Y0pRqIojdxfm7DHsIxoB2iTzu3fnPmSMEN8SsSx0cdwV36d02PWCWaDUoZPDSln+xw==",
      "dev": true
    },
    "@types/node": {
      "version": "8.0.30",
      "resolved": "https://registry.npmjs.org/@types/node/-/node-8.0.30.tgz",
      "integrity": "sha512-IaQtG3DWe9gRsmk1DqNnYyRVjGDVcBdZywkRVF2f62Boe8XKmlR7lNcwC6pk4V4W8nk+Zu+vdGMsOdRTDj1JPA==",
      "dev": true
    }
  }
}
