{
  "name": "min-lock",
  "version": "0.0.1",
  "lockfileVersion": 1,
  "requires": true,
  "dependencies": {
    "@types/mocha": {
      "version": "2.2.43",
      "resolved": "https://registry.npmjs.org/@types/mocha/-/mocha-2.2.43.tgz",
      "integrity": "sha512-xNlAmH+lRJdUMXClMTI9Y0pRqIojdxfm7DHsIxoB2iTzu3fnPmSMEN8SsSx0cdwV36d02PWCWaDUoZPDSln+xw==",
      "dev": true
    },
    "@types/node": {
      "version": "8.0.31",
      "resolved": "https://registry.npmjs.org/@types/node/-/node-8.0.31.tgz",
      "integrity": "sha512-R+LdMJHJQwRd/Ca0Nr5KnwbSWHxTD3DWz4ivqoPeNH+YPcuirMWK+Ti9Mx32jOecmPhHOCd+6CefU5e1eVq2Ew==",
      "dev": true
    }
  }
}
